<?xml version="1.0" encoding="UTF-8" standalone="yes" ?>
<CodeBlocks_project_file>
	<FileVersion major="1" minor="6" />
	<Project>
		<Option title="ddRobo" />
		<Option pch_mode="2" />
		<Option compiler="gcc" />
		<Build>
			<Target title="Debug">
				<Option output="bin/Debug/ddRobo" prefix_auto="1" extension_auto="1" />
				<Option object_output="obj/Debug/" />
				<Option type="1" />
				<Option compiler="gcc" />
				<Compiler>
					<Add option="-g" />
				</Compiler>
			</Target>
			<Target title="Release">
				<Option output="bin/Release/ddRobo" prefix_auto="1" extension_auto="1" />
				<Option object_output="obj/Release/" />
				<Option type="1" />
				<Option compiler="gcc" />
				<Compiler>
					<Add option="-O2" />
				</Compiler>
				<Linker>
					<Add option="-s" />
				</Linker>
			</Target>
		</Build>
		<Compiler>
			<Add option="-Wall" />
			<Add option="-fexceptions" />
			<Add directory="../../Documents/opencv_inst/include" />
		</Compiler>
		<Linker>
			<Add option="-pthread" />
			<Add library="../../Documents/opencv_inst/lib/cv2.so" />
			<Add library="../../Documents/opencv_inst/lib/libopencv_calib3d.so" />
			<Add library="../../Documents/opencv_inst/lib/libopencv_calib3d_pch_dephelp.a" />
			<Add library="../../Documents/opencv_inst/lib/libopencv_contrib.so" />
			<Add library="../../Documents/opencv_inst/lib/libopencv_contrib_pch_dephelp.a" />
			<Add library="../../Documents/opencv_inst/lib/libopencv_core.so" />
			<Add library="../../Documents/opencv_inst/lib/libopencv_core_pch_dephelp.a" />
			<Add library="../../Documents/opencv_inst/lib/libopencv_features2d.so" />
			<Add library="../../Documents/opencv_inst/lib/libopencv_features2d_pch_dephelp.a" />
			<Add library="../../Documents/opencv_inst/lib/libopencv_flann.so" />
			<Add library="../../Documents/opencv_inst/lib/libopencv_flann_pch_dephelp.a" />
			<Add library="../../Documents/opencv_inst/lib/libopencv_gpu.so" />
			<Add library="../../Documents/opencv_inst/lib/libopencv_gpu_pch_dephelp.a" />
			<Add library="../../Documents/opencv_inst/lib/libopencv_haartraining_engine.a" />
			<Add library="../../Documents/opencv_inst/lib/libopencv_highgui.so" />
			<Add library="../../Documents/opencv_inst/lib/libopencv_highgui_pch_dephelp.a" />
			<Add library="../../Documents/opencv_inst/lib/libopencv_imgproc.so" />
			<Add library="../../Documents/opencv_inst/lib/libopencv_imgproc_pch_dephelp.a" />
			<Add library="../../Documents/opencv_inst/lib/libopencv_java2413.so" />
			<Add library="../../Documents/opencv_inst/lib/libopencv_legacy.so" />
			<Add library="../../Documents/opencv_inst/lib/libopencv_legacy_pch_dephelp.a" />
			<Add library="../../Documents/opencv_inst/lib/libopencv_ml.so" />
			<Add library="../../Documents/opencv_inst/lib/libopencv_ml_pch_dephelp.a" />
			<Add library="../../Documents/opencv_inst/lib/libopencv_nonfree.so" />
			<Add library="../../Documents/opencv_inst/lib/libopencv_nonfree_pch_dephelp.a" />
			<Add library="../../Documents/opencv_inst/lib/libopencv_objdetect.so" />
			<Add library="../../Documents/opencv_inst/lib/libopencv_objdetect_pch_dephelp.a" />
			<Add library="../../Documents/opencv_inst/lib/libopencv_ocl.so" />
			<Add library="../../Documents/opencv_inst/lib/libopencv_ocl_pch_dephelp.a" />
			<Add library="../../Documents/opencv_inst/lib/libopencv_perf_calib3d_pch_dephelp.a" />
			<Add library="../../Documents/opencv_inst/lib/libopencv_perf_core_pch_dephelp.a" />
			<Add library="../../Documents/opencv_inst/lib/libopencv_perf_features2d_pch_dephelp.a" />
			<Add library="../../Documents/opencv_inst/lib/libopencv_perf_gpu_pch_dephelp.a" />
			<Add library="../../Documents/opencv_inst/lib/libopencv_perf_highgui_pch_dephelp.a" />
			<Add library="../../Documents/opencv_inst/lib/libopencv_perf_imgproc_pch_dephelp.a" />
			<Add library="../../Documents/opencv_inst/lib/libopencv_perf_nonfree_pch_dephelp.a" />
			<Add library="../../Documents/opencv_inst/lib/libopencv_perf_objdetect_pch_dephelp.a" />
			<Add library="../../Documents/opencv_inst/lib/libopencv_perf_ocl_pch_dephelp.a" />
			<Add library="../../Documents/opencv_inst/lib/libopencv_perf_photo_pch_dephelp.a" />
			<Add library="../../Documents/opencv_inst/lib/libopencv_perf_stitching_pch_dephelp.a" />
			<Add library="../../Documents/opencv_inst/lib/libopencv_perf_superres_pch_dephelp.a" />
			<Add library="../../Documents/opencv_inst/lib/libopencv_perf_video_pch_dephelp.a" />
			<Add library="../../Documents/opencv_inst/lib/libopencv_photo.so" />
			<Add library="../../Documents/opencv_inst/lib/libopencv_photo_pch_dephelp.a" />
			<Add library="../../Documents/opencv_inst/lib/libopencv_stitching.so" />
			<Add library="../../Documents/opencv_inst/lib/libopencv_stitching_pch_dephelp.a" />
			<Add library="../../Documents/opencv_inst/lib/libopencv_superres.so" />
			<Add library="../../Documents/opencv_inst/lib/libopencv_superres_pch_dephelp.a" />
			<Add library="../../Documents/opencv_inst/lib/libopencv_test_calib3d_pch_dephelp.a" />
			<Add library="../../Documents/opencv_inst/lib/libopencv_test_contrib_pch_dephelp.a" />
			<Add library="../../Documents/opencv_inst/lib/libopencv_test_core_pch_dephelp.a" />
			<Add library="../../Documents/opencv_inst/lib/libopencv_test_features2d_pch_dephelp.a" />
			<Add library="../../Documents/opencv_inst/lib/libopencv_test_flann_pch_dephelp.a" />
			<Add library="../../Documents/opencv_inst/lib/libopencv_test_gpu_pch_dephelp.a" />
			<Add library="../../Documents/opencv_inst/lib/libopencv_test_highgui_pch_dephelp.a" />
			<Add library="../../Documents/opencv_inst/lib/libopencv_test_imgproc_pch_dephelp.a" />
			<Add library="../../Documents/opencv_inst/lib/libopencv_test_legacy_pch_dephelp.a" />
			<Add library="../../Documents/opencv_inst/lib/libopencv_test_ml_pch_dephelp.a" />
			<Add library="../../Documents/opencv_inst/lib/libopencv_test_nonfree_pch_dephelp.a" />
			<Add library="../../Documents/opencv_inst/lib/libopencv_test_objdetect_pch_dephelp.a" />
			<Add library="../../Documents/opencv_inst/lib/libopencv_test_ocl_pch_dephelp.a" />
			<Add library="../../Documents/opencv_inst/lib/libopencv_test_photo_pch_dephelp.a" />
			<Add library="../../Documents/opencv_inst/lib/libopencv_test_stitching_pch_dephelp.a" />
			<Add library="../../Documents/opencv_inst/lib/libopencv_test_superres_pch_dephelp.a" />
			<Add library="../../Documents/opencv_inst/lib/libopencv_test_video_pch_dephelp.a" />
			<Add library="../../Documents/opencv_inst/lib/libopencv_ts.a" />
			<Add library="../../Documents/opencv_inst/lib/libopencv_ts_pch_dephelp.a" />
			<Add library="../../Documents/opencv_inst/lib/libopencv_video.so" />
			<Add library="../../Documents/opencv_inst/lib/libopencv_video_pch_dephelp.a" />
			<Add library="../../Documents/opencv_inst/lib/libopencv_videostab.so" />
			<Add library="../../Documents/opencv_inst/lib/libopencv_videostab_pch_dephelp.a" />
			<Add directory="../../Documents/gsl_inst/lib" />
			<Add directory="../../Documents/opencv_inst/lib" />
		</Linker>
		<Unit filename="ddRobot.cpp" />
		<Unit filename="kinem.cpp" />
		<Unit filename="markov.cpp" />
		<Unit filename="remoteApi/extApi.c">
			<Option compilerVar="CC" />
		</Unit>
		<Unit filename="remoteApi/extApiPlatform.c">
			<Option compilerVar="CC" />
		</Unit>
		<Extensions>
			<code_completion />
			<debugger />
		</Extensions>
	</Project>
</CodeBlocks_project_file>
